
Microsoft Visual Studio Solution File, Format Version 12.00
# Visual Studio 15
VisualStudioVersion = 15.0.27428.2037
MinimumVisualStudioVersion = 10.0.40219.1
Project("{FAE04EC0-301F-11D3-BF4B-00C04F79EFBC}") = "ApartmanOtomasyonu", "ApartmanOtomasyonu.csproj", "{CD58E169-3196-489E-BDF8-A06DB22E4737}"
EndProject
Global
	GlobalSection(SolutionConfigurationPlatforms) = preSolution
		Debug|Any CPU = Debug|Any CPU
		Release|Any CPU = Release|Any CPU
	EndGlobalSection
	GlobalSection(ProjectConfigurationPlatforms) = postSolution
		{CD58E169-3196-489E-BDF8-A06DB22E4737}.Debug|Any CPU.ActiveCfg = Debug|Any CPU
		{CD58E169-3196-489E-BDF8-A06DB22E4737}.Debug|Any CPU.Build.0 = Debug|Any CPU
		{CD58E169-3196-489E-BDF8-A06DB22E4737}.Release|Any CPU.ActiveCfg = Release|Any CPU
		{CD58E169-3196-489E-BDF8-A06DB22E4737}.Release|Any CPU.Build.0 = Release|Any CPU
	EndGlobalSection
	GlobalSection(SolutionProperties) = preSolution
		HideSolutionNode = FALSE
	EndGlobalSection
	GlobalSection(ExtensibilityGlobals) = postSolution
		SolutionGuid = {437E28B9-AF24-4DE8-8B87-8A9D4A750B2E}
	EndGlobalSection
EndGlobal
